lockfileVersion: '9.0'

settings:
  autoInstallPeers: true
  excludeLinksFromLockfile: false

importers:

  .:
    dependencies:
      '@ducanh2912/next-pwa':
        specifier: ^10.2.9
        version: 10.2.9(next@15.5.14(@babel/core@7.29.0)(@playwright/test@1.59.1)(react-dom@19.2.4(react@19.2.4))(react@19.2.4))(webpack@5.106.2)
      next:
        specifier: ^15.0.0
        version: 15.5.14(@babel/core@7.29.0)(@playwright/test@1.59.1)(react-dom@19.2.4(react@19.2.4))(react@19.2.4)
      react:
        specifier: ^19.0.0
        version: 19.2.4
      react-dom:
        specifier: ^19.0.0
        version: 19.2.4(react@19.2.4)
    devDependencies:
      '@axe-core/playwright':
        specifier: ^4.10.2
        version: 4.11.1(playwright-core@1.59.1)
      '@eslint/eslintrc':
        specifier: ^3.3.1
        version: 3.3.5
      '@playwright/test':
        specifier: ^1.54.0
        version: 1.59.1
      '@tailwindcss/postcss':
        specifier: ^4.0.0
        version: 4.2.2
      '@types/node':
        specifier: ^22.0.0
        version: 22.19.17
      '@types/react':
        specifier: ^19.0.0
        version: 19.2.14
      '@types/react-dom':
        specifier: ^19.0.0
        version: 19.2.3(@types/react@19.2.14)
      '@vitest/coverage-v8':
        specifier: ^3.2.0
        version: 3.2.4(vitest@3.2.4(@types/node@22.19.17)(jiti@2.6.1)(lightningcss@1.32.0)(terser@5.46.1))
      eslint:
        specifier: ^9.0.0
        version: 9.39.4(jiti@2.6.1)
      eslint-config-next:
        specifier: ^15.0.0
        version: 15.5.14(eslint@9.39.4(jiti@2.6.1))(typescript@5.9.3)
      eslint-plugin-jsx-a11y:
        specifier: ^6.10.0
        version: 6.10.2(eslint@9.39.4(jiti@2.6.1))
      postcss:
        specifier: ^8.4.0
        version: 8.5.9
      prettier:
        specifier: ^3.5.0
        version: 3.8.1
      serve:
        specifier: ^14.2.0
        version: 14.2.6
      tailwindcss:
        specifier: ^4.0.0
        version: 4.2.2
      typescript:
        specifier: ^5.8.0
        version: 5.9.3
      vitest:
        specifier: ^3.2.0
        version: 3.2.4(@types/node@22.19.17)(jiti@2.6.1)(lightningcss@1.32.0)(terser@5.46.1)
